[root]
name = "ecmascript_toy"
version = "0.1.0"
dependencies = [
 "byteorder 1.1.0 (registry+https://github.com/rust-lang/crates.io-index)",
 "getopts 0.2.15 (registry+https://github.com/rust-lang/crates.io-index)",
]

[[package]]
name = "byteorder"
version = "1.1.0"
source = "registry+https://github.com/rust-lang/crates.io-index"

[[package]]
name = "getopts"
version = "0.2.15"
source = "registry+https://github.com/rust-lang/crates.io-index"

[metadata]
"checksum byteorder 1.1.0 (registry+https://github.com/rust-lang/crates.io-index)" = "ff81738b726f5d099632ceaffe7fb65b90212e8dce59d518729e7e8634032d3d"
"checksum getopts 0.2.15 (registry+https://github.com/rust-lang/crates.io-index)" = "65922871abd2f101a2eb0eaebadc66668e54a87ad9c3dd82520b5f86ede5eff9"
